# THIS IS AN AUTOGENERATED FILE. DO NOT EDIT THIS FILE DIRECTLY.
# yarn lockfile v1


"@octokit/auth-token@^3.0.0":
  "integrity" "sha512-/USkK4cioY209wXRpund6HZzHo9GmjakpV9ycOkpMcMxMk7QVcVFVyCMtzvXYiHsB2crgDgrtNYSELYFBXhhaA=="
  "resolved" "https://registry.npmjs.org/@octokit/auth-token/-/auth-token-3.0.1.tgz"
  "version" "3.0.1"
  dependencies:
    "@octokit/types" "^7.0.0"

"@octokit/core@^4.0.0", "@octokit/core@>=3", "@octokit/core@>=4":
  "integrity" "sha512-4R3HeHTYVHCfzSAi0C6pbGXV8UDI5Rk+k3G7kLVNckswN9mvpOzW9oENfjfH3nEmzg8y3AmKmzs8Sg6pLCeOCA=="
  "resolved" "https://registry.npmjs.org/@octokit/core/-/core-4.0.5.tgz"
  "version" "4.0.5"
  dependencies:
    "@octokit/auth-token" "^3.0.0"
    "@octokit/graphql" "^5.0.0"
    "@octokit/request" "^6.0.0"
    "@octokit/request-error" "^3.0.0"
    "@octokit/types" "^7.0.0"
    "before-after-hook" "^2.2.0"
    "universal-user-agent" "^6.0.0"

"@octokit/endpoint@^7.0.0":
  "integrity" "sha512-8/AUACfE9vpRpehE6ZLfEtzkibe5nfsSwFZVMsG8qabqRt1M81qZYUFRZa1B8w8lP6cdfDJfRq9HWS+MbmR7tw=="
  "resolved" "https://registry.npmjs.org/@octokit/endpoint/-/endpoint-7.0.2.tgz"
  "version" "7.0.2"
  dependencies:
    "@octokit/types" "^7.0.0"
    "is-plain-object" "^5.0.0"
    "universal-user-agent" "^6.0.0"

"@octokit/graphql@^5.0.0":
  "integrity" "sha512-sxmnewSwAixkP1TrLdE6yRG53eEhHhDTYUykUwdV9x8f91WcbhunIHk9x1PZLALdBZKRPUO2HRcm4kezZ79HoA=="
  "resolved" "https://registry.npmjs.org/@octokit/graphql/-/graphql-5.0.1.tgz"
  "version" "5.0.1"
  dependencies:
    "@octokit/request" "^6.0.0"
    "@octokit/types" "^7.0.0"
    "universal-user-agent" "^6.0.0"

"@octokit/openapi-types@^13.11.0":
  "integrity" "sha512-4EuKSk3N95UBWFau3Bz9b3pheQ8jQYbKmBL5+GSuY8YDPDwu03J4BjI+66yNi8aaX/3h1qDpb0mbBkLdr+cfGQ=="
  "resolved" "https://registry.npmjs.org/@octokit/openapi-types/-/openapi-types-13.13.1.tgz"
  "version" "13.13.1"

"@octokit/plugin-paginate-rest@^4.0.0":
  "integrity" "sha512-h8KKxESmSFTcXX409CAxlaOYscEDvN2KGQRsLCGT1NSqRW+D6EXLVQ8vuHhFznS9MuH9QYw1GfsUN30bg8hjVA=="
  "resolved" "https://registry.npmjs.org/@octokit/plugin-paginate-rest/-/plugin-paginate-rest-4.3.1.tgz"
  "version" "4.3.1"
  dependencies:
    "@octokit/types" "^7.5.0"

"@octokit/plugin-request-log@^1.0.4":
  "integrity" "sha512-mLUsMkgP7K/cnFEw07kWqXGF5LKrOkD+lhCrKvPHXWDywAwuDUeDwWBpc69XK3pNX0uKiVt8g5z96PJ6z9xCFA=="
  "resolved" "https://registry.npmjs.org/@octokit/plugin-request-log/-/plugin-request-log-1.0.4.tgz"
  "version" "1.0.4"

"@octokit/plugin-rest-endpoint-methods@^6.0.0":
  "integrity" "sha512-n9dL5KMpz9qVFSNdcVWC8ZPbl68QbTk7+CMPXCXqaMZOLn1n1YuoSFFCy84Ge0fx333fUqpnBHv8BFjwGtUQkA=="
  "resolved" "https://registry.npmjs.org/@octokit/plugin-rest-endpoint-methods/-/plugin-rest-endpoint-methods-6.6.2.tgz"
  "version" "6.6.2"
  dependencies:
    "@octokit/types" "^7.5.0"
    "deprecation" "^2.3.1"

"@octokit/request-error@^3.0.0":
  "integrity" "sha512-ym4Bp0HTP7F3VFssV88WD1ZyCIRoE8H35pXSKwLeMizcdZAYc/t6N9X9Yr9n6t3aG9IH75XDnZ6UeZph0vHMWQ=="
  "resolved" "https://registry.npmjs.org/@octokit/request-error/-/request-error-3.0.1.tgz"
  "version" "3.0.1"
  dependencies:
    "@octokit/types" "^7.0.0"
    "deprecation" "^2.0.0"
    "once" "^1.4.0"

"@octokit/request@^6.0.0":
  "integrity" "sha512-gYKRCia3cpajRzDSU+3pt1q2OcuC6PK8PmFIyxZDWCzRXRSIBH8jXjFJ8ZceoygBIm0KsEUg4x1+XcYBz7dHPQ=="
  "resolved" "https://registry.npmjs.org/@octokit/request/-/request-6.2.1.tgz"
  "version" "6.2.1"
  dependencies:
    "@octokit/endpoint" "^7.0.0"
    "@octokit/request-error" "^3.0.0"
    "@octokit/types" "^7.0.0"
    "is-plain-object" "^5.0.0"
    "node-fetch" "^2.6.7"
    "universal-user-agent" "^6.0.0"

"@octokit/rest@^19.0.4":
  "integrity" "sha512-LwG668+6lE8zlSYOfwPj4FxWdv/qFXYBpv79TWIQEpBLKA9D/IMcWsF/U9RGpA3YqMVDiTxpgVpEW3zTFfPFTA=="
  "resolved" "https://registry.npmjs.org/@octokit/rest/-/rest-19.0.4.tgz"
  "version" "19.0.4"
  dependencies:
    "@octokit/core" "^4.0.0"
    "@octokit/plugin-paginate-rest" "^4.0.0"
    "@octokit/plugin-request-log" "^1.0.4"
    "@octokit/plugin-rest-endpoint-methods" "^6.0.0"

"@octokit/types@^7.0.0", "@octokit/types@^7.5.0":
  "integrity" "sha512-Zk4OUMLCSpXNI8KZZn47lVLJSsgMyCimsWWQI5hyjZg7hdYm0kjotaIkbG0Pp8SfU2CofMBzonboTqvzn3FrJA=="
  "resolved" "https://registry.npmjs.org/@octokit/types/-/types-7.5.1.tgz"
  "version" "7.5.1"
  dependencies:
    "@octokit/openapi-types" "^13.11.0"

"autoprefixer@^10.4.12":
  "integrity" "sha512-WrCGV9/b97Pa+jtwf5UGaRjgQIg7OK3D06GnoYoZNcG1Xb8Gt3EfuKjlhh9i/VtT16g6PYjZ69jdJ2g8FxSC4Q=="
  "resolved" "https://registry.npmjs.org/autoprefixer/-/autoprefixer-10.4.12.tgz"
  "version" "10.4.12"
  dependencies:
    "browserslist" "^4.21.4"
    "caniuse-lite" "^1.0.30001407"
    "fraction.js" "^4.2.0"
    "normalize-range" "^0.1.2"
    "picocolors" "^1.0.0"
    "postcss-value-parser" "^4.2.0"

"axios@^0.21.4":
  "integrity" "sha512-ut5vewkiu8jjGBdqpM44XxjuCjq9LAKeHVmoVfHVzy8eHgxxq8SbAVQNovDA8mVi05kP0Ea/n/UzcSHcTJQfNg=="
  "resolved" "https://registry.npmjs.org/axios/-/axios-0.21.4.tgz"
  "version" "0.21.4"
  dependencies:
    "follow-redirects" "^1.14.0"

"before-after-hook@^2.2.0":
  "integrity" "sha512-NzUnlZexiaH/46WDhANlyR2bXRopNg4F/zuSA3OpZnllCUgRaOF2znDioDWrmbNVsuZk6l9pMquQB38cfBZwkQ=="
  "resolved" "https://registry.npmjs.org/before-after-hook/-/before-after-hook-2.2.3.tgz"
  "version" "2.2.3"

"browserslist@^4.21.4", "browserslist@>= 4.21.0":
  "integrity" "sha512-CBHJJdDmgjl3daYjN5Cp5kbTf1mUhZoS+beLklHIvkOWscs83YAhLlF3Wsh/lciQYAcbBJgTOD44VtG31ZM4Hw=="
  "resolved" "https://registry.npmjs.org/browserslist/-/browserslist-4.21.4.tgz"
  "version" "4.21.4"
  dependencies:
    "caniuse-lite" "^1.0.30001400"
    "electron-to-chromium" "^1.4.251"
    "node-releases" "^2.0.6"
    "update-browserslist-db" "^1.0.9"

"caniuse-lite@^1.0.30001400", "caniuse-lite@^1.0.30001407":
  "integrity" "sha512-oIs7+JL3K9JRQ3jPZjlH6qyYDp+nBTCais7hjh0s+fuBwufc7uZ7hPYMXrDOJhV360KGMTcczMRObk0/iMqZRg=="
  "resolved" "https://registry.npmjs.org/caniuse-lite/-/caniuse-lite-1.0.30001418.tgz"
  "version" "1.0.30001418"

"debug@^4.3.4":
  "integrity" "sha512-PRWFHuSU3eDtQJPvnNY7Jcket1j0t5OuOsFzPPzsekD52Zl8qUfFIPEiswXqIvHWGVHOgX+7G/vCNNhehwxfkQ=="
  "resolved" "https://registry.npmjs.org/debug/-/debug-4.3.4.tgz"
  "version" "4.3.4"
  dependencies:
    "ms" "2.1.2"

"deprecation@^2.0.0", "deprecation@^2.3.1":
  "integrity" "sha512-xmHIy4F3scKVwMsQ4WnVaS8bHOx0DmVwRywosKhaILI0ywMDWPtBSku2HNxRvF7jtwDRsoEwYQSfbxj8b7RlJQ=="
  "resolved" "https://registry.npmjs.org/deprecation/-/deprecation-2.3.1.tgz"
  "version" "2.3.1"

"electron-to-chromium@^1.4.251":
  "integrity" "sha512-EpuHPqu8YhonqLBXHoU6hDJCD98FCe6KDoet3/gY1qsQ6usjJoHqBH2YIVs8FXaAtHwVL8Uqa/fsYao/vq9VWQ=="
  "resolved" "https://registry.npmjs.org/electron-to-chromium/-/electron-to-chromium-1.4.276.tgz"
  "version" "1.4.276"

"esbuild-windows-64@0.15.10":
  "integrity" "sha512-2H0gdsyHi5x+8lbng3hLbxDWR7mKHWh5BXZGKVG830KUmXOOWFE2YKJ4tHRkejRduOGDrBvHBriYsGtmTv3ntA=="
  "resolved" "https://registry.npmjs.org/esbuild-windows-64/-/esbuild-windows-64-0.15.10.tgz"
  "version" "0.15.10"

"esbuild@^0.15.9":
  "integrity" "sha512-N7wBhfJ/E5fzn/SpNgX+oW2RLRjwaL8Y0ezqNqhjD6w0H2p0rDuEz2FKZqpqLnO8DCaWumKe8dsC/ljvVSSxng=="
  "resolved" "https://registry.npmjs.org/esbuild/-/esbuild-0.15.10.tgz"
  "version" "0.15.10"
  optionalDependencies:
    "@esbuild/android-arm" "0.15.10"
    "@esbuild/linux-loong64" "0.15.10"
    "esbuild-android-64" "0.15.10"
    "esbuild-android-arm64" "0.15.10"
    "esbuild-darwin-64" "0.15.10"
    "esbuild-darwin-arm64" "0.15.10"
    "esbuild-freebsd-64" "0.15.10"
    "esbuild-freebsd-arm64" "0.15.10"
    "esbuild-linux-32" "0.15.10"
    "esbuild-linux-64" "0.15.10"
    "esbuild-linux-arm" "0.15.10"
    "esbuild-linux-arm64" "0.15.10"
    "esbuild-linux-mips64le" "0.15.10"
    "esbuild-linux-ppc64le" "0.15.10"
    "esbuild-linux-riscv64" "0.15.10"
    "esbuild-linux-s390x" "0.15.10"
    "esbuild-netbsd-64" "0.15.10"
    "esbuild-openbsd-64" "0.15.10"
    "esbuild-sunos-64" "0.15.10"
    "esbuild-windows-32" "0.15.10"
    "esbuild-windows-64" "0.15.10"
    "esbuild-windows-arm64" "0.15.10"

"escalade@^3.1.1":
  "integrity" "sha512-k0er2gUkLf8O0zKJiAhmkTnJlTvINGv7ygDNPbeIsX/TJjGJZHuh9B2UxbsaEkmlEo9MfhrSzmhIlhRlI2GXnw=="
  "resolved" "https://registry.npmjs.org/escalade/-/escalade-3.1.1.tgz"
  "version" "3.1.1"

"follow-redirects@^1.14.0":
  "integrity" "sha512-VQLG33o04KaQ8uYi2tVNbdrWp1QWxNNea+nmIB4EVM28v0hmP17z7aG1+wAkNzVq4KeXTq3221ye5qTJP91JwA=="
  "resolved" "https://registry.npmjs.org/follow-redirects/-/follow-redirects-1.15.2.tgz"
  "version" "1.15.2"

"fraction.js@^4.2.0":
  "integrity" "sha512-MhLuK+2gUcnZe8ZHlaaINnQLl0xRIGRfcGk2yl8xoQAfHrSsL3rYu6FCmBdkdbhc9EPlwyGHewaRsvwRMJtAlA=="
  "resolved" "https://registry.npmjs.org/fraction.js/-/fraction.js-4.2.0.tgz"
  "version" "4.2.0"

"function-bind@^1.1.1":
  "integrity" "sha512-yIovAzMX49sF8Yl58fSCWJ5svSLuaibPxXQJFLmBObTuCr0Mf1KiPopGM9NiFjiYBCbfaa2Fh6breQ6ANVTI0A=="
  "resolved" "https://registry.npmjs.org/function-bind/-/function-bind-1.1.1.tgz"
  "version" "1.1.1"

"has@^1.0.3":
  "integrity" "sha512-f2dvO0VU6Oej7RkWJGrehjbzMAjFp5/VKPp5tTpWIV4JHHZK1/BxbFRtf/siA2SWTe09caDmVtYYzWEIbBS4zw=="
  "resolved" "https://registry.npmjs.org/has/-/has-1.0.3.tgz"
  "version" "1.0.3"
  dependencies:
    "function-bind" "^1.1.1"

"is-core-module@^2.9.0":
  "integrity" "sha512-Erxj2n/LDAZ7H8WNJXd9tw38GYM3dv8rk8Zcs+jJuxYTW7sozH+SS8NtrSjVL1/vpLvWi1hxy96IzjJ3EHTJJg=="
  "resolved" "https://registry.npmjs.org/is-core-module/-/is-core-module-2.10.0.tgz"
  "version" "2.10.0"
  dependencies:
    "has" "^1.0.3"

"is-plain-object@^5.0.0":
  "integrity" "sha512-VRSzKkbMm5jMDoKLbltAkFQ5Qr7VDiTFGXxYFXXowVj387GeGNOCsOH6Msy00SGZ3Fp84b1Naa1psqgcCIEP5Q=="
  "resolved" "https://registry.npmjs.org/is-plain-object/-/is-plain-object-5.0.0.tgz"
  "version" "5.0.0"

"ms@2.1.2":
  "integrity" "sha512-sGkPx+VjMtmA6MX27oA4FBFELFCZZ4S4XqeGOXCv68tT+jb3vk/RyaKWP0PTKyWtmLSM0b+adUTEvbs1PEaH2w=="
  "resolved" "https://registry.npmjs.org/ms/-/ms-2.1.2.tgz"
  "version" "2.1.2"

"nanoid@^3.3.4":
  "integrity" "sha512-MqBkQh/OHTS2egovRtLk45wEyNXwF+cokD+1YPf9u5VfJiRdAiRwB2froX5Co9Rh20xs4siNPm8naNotSD6RBw=="
  "resolved" "https://registry.npmjs.org/nanoid/-/nanoid-3.3.4.tgz"
  "version" "3.3.4"

"node-fetch@^2.6.7":
  "integrity" "sha512-ZjMPFEfVx5j+y2yF35Kzx5sF7kDzxuDj6ziH4FFbOp87zKDZNx8yExJIb05OGF4Nlt9IHFIMBkRl41VdvcNdbQ=="
  "resolved" "https://registry.npmjs.org/node-fetch/-/node-fetch-2.6.7.tgz"
  "version" "2.6.7"
  dependencies:
    "whatwg-url" "^5.0.0"

"node-releases@^2.0.6":
  "integrity" "sha512-PiVXnNuFm5+iYkLBNeq5211hvO38y63T0i2KKh2KnUs3RpzJ+JtODFjkD8yjLwnDkTYF1eKXheUwdssR+NRZdg=="
  "resolved" "https://registry.npmjs.org/node-releases/-/node-releases-2.0.6.tgz"
  "version" "2.0.6"

"normalize-range@^0.1.2":
  "integrity" "sha512-bdok/XvKII3nUpklnV6P2hxtMNrCboOjAcyBuQnWEhO665FwrSNRxU+AqpsyvO6LgGYPspN+lu5CLtw4jPRKNA=="
  "resolved" "https://registry.npmjs.org/normalize-range/-/normalize-range-0.1.2.tgz"
  "version" "0.1.2"

"once@^1.4.0":
  "integrity" "sha512-lNaJgI+2Q5URQBkccEKHTQOPaXdUxnZZElQTZY0MFUAuaEqe1E+Nyvgdz/aIyNi6Z9MzO5dv1H8n58/GELp3+w=="
  "resolved" "https://registry.npmjs.org/once/-/once-1.4.0.tgz"
  "version" "1.4.0"
  dependencies:
    "wrappy" "1"

"path-parse@^1.0.7":
  "integrity" "sha512-LDJzPVEEEPR+y48z93A0Ed0yXb8pAByGWo/k5YYdYgpY2/2EsOsksJrq7lOHxryrVOn1ejG6oAp8ahvOIQD8sw=="
  "resolved" "https://registry.npmjs.org/path-parse/-/path-parse-1.0.7.tgz"
  "version" "1.0.7"

"picocolors@^1.0.0":
  "integrity" "sha512-1fygroTLlHu66zi26VoTDv8yRgm0Fccecssto+MhsZ0D/DGW2sm8E8AjW7NU5VVTRt5GxbeZ5qBuJr+HyLYkjQ=="
  "resolved" "https://registry.npmjs.org/picocolors/-/picocolors-1.0.0.tgz"
  "version" "1.0.0"

"postcss-value-parser@^4.2.0":
  "integrity" "sha512-1NNCs6uurfkVbeXG4S8JFT9t19m45ICnif8zWLd5oPSZ50QnwMfK+H3jv408d4jw/7Bttv5axS5IiHoLaVNHeQ=="
  "resolved" "https://registry.npmjs.org/postcss-value-parser/-/postcss-value-parser-4.2.0.tgz"
  "version" "4.2.0"

"postcss@^8.1.0", "postcss@^8.4.16", "postcss@^8.4.17":
  "integrity" "sha512-UNxNOLQydcOFi41yHNMcKRZ39NeXlr8AxGuZJsdub8vIb12fHzcq37DTU/QtbI6WLxNg2gF9Z+8qtRwTj1UI1Q=="
  "resolved" "https://registry.npmjs.org/postcss/-/postcss-8.4.17.tgz"
  "version" "8.4.17"
  dependencies:
    "nanoid" "^3.3.4"
    "picocolors" "^1.0.0"
    "source-map-js" "^1.0.2"

"resolve@^1.22.1":
  "integrity" "sha512-nBpuuYuY5jFsli/JIs1oldw6fOQCBioohqWZg/2hiaOybXOft4lonv85uDOKXdf8rhyK159cxU5cDcK/NKk8zw=="
  "resolved" "https://registry.npmjs.org/resolve/-/resolve-1.22.1.tgz"
  "version" "1.22.1"
  dependencies:
    "is-core-module" "^2.9.0"
    "path-parse" "^1.0.7"
    "supports-preserve-symlinks-flag" "^1.0.0"

"rollup@~2.78.0":
  "integrity" "sha512-VeeCgtGi4P+o9hIg+xz4qQpRl6R401LWEXBmxYKOV4zlF82lyhgh2hTZnheFUbANE8l2A41F458iwj2vEYaXJg=="
  "resolved" "https://registry.npmjs.org/rollup/-/rollup-2.78.1.tgz"
  "version" "2.78.1"
  optionalDependencies:
    "fsevents" "~2.3.2"

"source-map-js@^1.0.2":
  "integrity" "sha512-R0XvVJ9WusLiqTCEiGCmICCMplcCkIwwR11mOSD9CR5u+IXYdiseeEuXCVAjS54zqwkLcPNnmU4OeJ6tUrWhDw=="
  "resolved" "https://registry.npmjs.org/source-map-js/-/source-map-js-1.0.2.tgz"
  "version" "1.0.2"

"supports-preserve-symlinks-flag@^1.0.0":
  "integrity" "sha512-ot0WnXS9fgdkgIcePe6RHNk1WA8+muPa6cSjeR3V8K27q9BB1rTE3R1p7Hv0z1ZyAc8s6Vvv8DIyWf681MAt0w=="
  "resolved" "https://registry.npmjs.org/supports-preserve-symlinks-flag/-/supports-preserve-symlinks-flag-1.0.0.tgz"
  "version" "1.0.0"

"tr46@~0.0.3":
  "integrity" "sha512-N3WMsuqV66lT30CrXNbEjx4GEwlow3v6rr4mCcv6prnfwhS01rkgyFdjPNBYd9br7LpXV1+Emh01fHnq2Gdgrw=="
  "resolved" "https://registry.npmjs.org/tr46/-/tr46-0.0.3.tgz"
  "version" "0.0.3"

"universal-user-agent@^6.0.0":
  "integrity" "sha512-isyNax3wXoKaulPDZWHQqbmIx1k2tb9fb3GGDBRxCscfYV2Ch7WxPArBsFEG8s/safwXTT7H4QGhaIkTp9447w=="
  "resolved" "https://registry.npmjs.org/universal-user-agent/-/universal-user-agent-6.0.0.tgz"
  "version" "6.0.0"

"update-browserslist-db@^1.0.9":
  "integrity" "sha512-OztqDenkfFkbSG+tRxBeAnCVPckDBcvibKd35yDONx6OU8N7sqgwc7rCbkJ/WcYtVRZ4ba68d6byhC21GFh7sQ=="
  "resolved" "https://registry.npmjs.org/update-browserslist-db/-/update-browserslist-db-1.0.10.tgz"
  "version" "1.0.10"
  dependencies:
    "escalade" "^3.1.1"
    "picocolors" "^1.0.0"

"vite-plugin-mkcert@^1.10.1":
  "integrity" "sha512-fNNC0z+AcBZExKedjWC7bWlDMf4+WZJqO/4aYf7C/vYY1dqYVOM+zowwTYV0xSx5ZQgplfangPkZk+RwdUlpBg=="
  "resolved" "https://registry.npmjs.org/vite-plugin-mkcert/-/vite-plugin-mkcert-1.10.1.tgz"
  "version" "1.10.1"
  dependencies:
    "@octokit/rest" "^19.0.4"
    "axios" "^0.21.4"
    "debug" "^4.3.4"
    "picocolors" "^1.0.0"

"vite@^3.1.0", "vite@>=3":
  "integrity" "sha512-5vCAmU4S8lyVdFCInu9M54f/g8qbOMakVw5xJ4pjoaDy5wgy9sLLZkGdSLN52dlsBqh0tBqxjaqqa8LgPqwRAA=="
  "resolved" "https://registry.npmjs.org/vite/-/vite-3.1.7.tgz"
  "version" "3.1.7"
  dependencies:
    "esbuild" "^0.15.9"
    "postcss" "^8.4.16"
    "resolve" "^1.22.1"
    "rollup" "~2.78.0"
  optionalDependencies:
    "fsevents" "~2.3.2"

"webidl-conversions@^3.0.0":
  "integrity" "sha512-2JAn3z8AR6rjK8Sm8orRC0h/bcl/DqL7tRPdGZ4I1CjdF+EaMLmYxBHyXuKL849eucPFhvBoxMsflfOb8kxaeQ=="
  "resolved" "https://registry.npmjs.org/webidl-conversions/-/webidl-conversions-3.0.1.tgz"
  "version" "3.0.1"

"whatwg-url@^5.0.0":
  "integrity" "sha512-saE57nupxk6v3HY35+jzBwYa0rKSy0XR8JSxZPwgLr7ys0IBzhGviA1/TUGJLmSVqs8pb9AnvICXEuOHLprYTw=="
  "resolved" "https://registry.npmjs.org/whatwg-url/-/whatwg-url-5.0.0.tgz"
  "version" "5.0.0"
  dependencies:
    "tr46" "~0.0.3"
    "webidl-conversions" "^3.0.0"

"wrappy@1":
  "integrity" "sha512-l4Sp/DRseor9wL6EvV2+TuQn63dMkPjZ/sp9XkghTEbV9KlPS1xUsZ3u7/IQO4wxtcFB4bgpQPRcR3QCvezPcQ=="
  "resolved" "https://registry.npmjs.org/wrappy/-/wrappy-1.0.2.tgz"
  "version" "1.0.2"
